
Microsoft Visual Studio Solution File, Format Version 12.00
Project("{2150E333-8FDC-42A3-9474-1A3956D46DE8}") = "docs", "docs", "{D71DA310-839F-4195-B8F9-E91E817401C0}"
	ProjectSection(SolutionItems) = preProject
		.gitignore = .gitignore
		README.md = README.md
	EndProjectSection
EndProject
Project("{2150E333-8FDC-42A3-9474-1A3956D46DE8}") = "src", "src", "{2FA94B80-AA27-4B92-9313-FB0311BCCEBD}"
EndProject
Project("{FAE04EC0-301F-11D3-BF4B-00C04F79EFBC}") = "StarBlog.Infrastructure", "src\StarBlog.Infrastructure\StarBlog.Infrastructure.csproj", "{4337439B-9B3C-40A8-B73B-B32842DEDD25}"
EndProject
Project("{FAE04EC0-301F-11D3-BF4B-00C04F79EFBC}") = "StarBlog.Data", "src\StarBlog.Data\StarBlog.Data.csproj", "{C6AD7910-E5E5-4389-B471-7424B7DD7D02}"
EndProject
Project("{FAE04EC0-301F-11D3-BF4B-00C04F79EFBC}") = "StarBlog.Content", "src\StarBlog.Content\StarBlog.Content.csproj", "{6EDFB6BC-D41D-4772-A3DC-19DF6CFD088D}"
EndProject
Project("{FAE04EC0-301F-11D3-BF4B-00C04F79EFBC}") = "StarBlog.Web", "src\StarBlog.Web\StarBlog.Web.csproj", "{8CE57AC4-FBB2-4B36-8269-EA67D61A3037}"
EndProject
Global
	GlobalSection(SolutionConfigurationPlatforms) = preSolution
		Debug|Any CPU = Debug|Any CPU
		Release|Any CPU = Release|Any CPU
	EndGlobalSection
	GlobalSection(NestedProjects) = preSolution
		{4337439B-9B3C-40A8-B73B-B32842DEDD25} = {2FA94B80-AA27-4B92-9313-FB0311BCCEBD}
		{C6AD7910-E5E5-4389-B471-7424B7DD7D02} = {2FA94B80-AA27-4B92-9313-FB0311BCCEBD}
		{6EDFB6BC-D41D-4772-A3DC-19DF6CFD088D} = {2FA94B80-AA27-4B92-9313-FB0311BCCEBD}
		{8CE57AC4-FBB2-4B36-8269-EA67D61A3037} = {2FA94B80-AA27-4B92-9313-FB0311BCCEBD}
	EndGlobalSection
	GlobalSection(ProjectConfigurationPlatforms) = postSolution
		{4337439B-9B3C-40A8-B73B-B32842DEDD25}.Debug|Any CPU.ActiveCfg = Debug|Any CPU
		{4337439B-9B3C-40A8-B73B-B32842DEDD25}.Debug|Any CPU.Build.0 = Debug|Any CPU
		{4337439B-9B3C-40A8-B73B-B32842DEDD25}.Release|Any CPU.ActiveCfg = Release|Any CPU
		{4337439B-9B3C-40A8-B73B-B32842DEDD25}.Release|Any CPU.Build.0 = Release|Any CPU
		{C6AD7910-E5E5-4389-B471-7424B7DD7D02}.Debug|Any CPU.ActiveCfg = Debug|Any CPU
		{C6AD7910-E5E5-4389-B471-7424B7DD7D02}.Debug|Any CPU.Build.0 = Debug|Any CPU
		{C6AD7910-E5E5-4389-B471-7424B7DD7D02}.Release|Any CPU.ActiveCfg = Release|Any CPU
		{C6AD7910-E5E5-4389-B471-7424B7DD7D02}.Release|Any CPU.Build.0 = Release|Any CPU
		{6EDFB6BC-D41D-4772-A3DC-19DF6CFD088D}.Debug|Any CPU.ActiveCfg = Debug|Any CPU
		{6EDFB6BC-D41D-4772-A3DC-19DF6CFD088D}.Debug|Any CPU.Build.0 = Debug|Any CPU
		{6EDFB6BC-D41D-4772-A3DC-19DF6CFD088D}.Release|Any CPU.ActiveCfg = Release|Any CPU
		{6EDFB6BC-D41D-4772-A3DC-19DF6CFD088D}.Release|Any CPU.Build.0 = Release|Any CPU
		{8CE57AC4-FBB2-4B36-8269-EA67D61A3037}.Debug|Any CPU.ActiveCfg = Debug|Any CPU
		{8CE57AC4-FBB2-4B36-8269-EA67D61A3037}.Debug|Any CPU.Build.0 = Debug|Any CPU
		{8CE57AC4-FBB2-4B36-8269-EA67D61A3037}.Release|Any CPU.ActiveCfg = Release|Any CPU
		{8CE57AC4-FBB2-4B36-8269-EA67D61A3037}.Release|Any CPU.Build.0 = Release|Any CPU
	EndGlobalSection
EndGlobal
