
Microsoft Visual Studio Solution File, Format Version 12.00
# Visual Studio Version 17
VisualStudioVersion = 17.0.31903.59
MinimumVisualStudioVersion = 10.0.40219.1
Project("{2150E333-8FDC-42A3-9474-1A3956D46DE8}") = "tools", "tools", "{07C2787E-EAC7-C090-1BA3-A61EC2A24D84}"
EndProject
Project("{FAE04EC0-301F-11D3-BF4B-00C04F79EFBC}") = "DataProc", "tools\DataProc\DataProc.csproj", "{FEA05600-3AC9-453A-A96C-45721A71A1DD}"
EndProject
Project("{2150E333-8FDC-42A3-9474-1A3956D46DE8}") = "src", "src", "{827E0CD3-B72D-47B6-A68D-7590B98EB39B}"
EndProject
Project("{FAE04EC0-301F-11D3-BF4B-00C04F79EFBC}") = "StarBlog.Data", "src\StarBlog.Data\StarBlog.Data.csproj", "{EAAB2D2F-0ADE-4094-86F0-E1585B7384C7}"
EndProject
Project("{FAE04EC0-301F-11D3-BF4B-00C04F79EFBC}") = "StarBlog.Contrib", "src\StarBlog.Contrib\StarBlog.Contrib.csproj", "{733E55C7-CB5B-4178-99E7-77A753C16FC1}"
EndProject
Project("{FAE04EC0-301F-11D3-BF4B-00C04F79EFBC}") = "BlogImageOptimizer", "tools\BlogImageOptimizer\BlogImageOptimizer.csproj", "{A627D6BB-0E1C-4E26-B1EF-BF4B67985837}"
EndProject
Project("{FAE04EC0-301F-11D3-BF4B-00C04F79EFBC}") = "MarkdownImporter", "tools\MarkdownImporter\MarkdownImporter.csproj", "{C883C61D-CAF1-4487-9D49-005307E1269E}"
EndProject
Project("{FAE04EC0-301F-11D3-BF4B-00C04F79EFBC}") = "StarBlog.Content", "src\StarBlog.Content\StarBlog.Content.csproj", "{1C0E6E44-2F9C-422F-8794-37318F5C9F03}"
EndProject
Global
	GlobalSection(SolutionConfigurationPlatforms) = preSolution
		Debug|Any CPU = Debug|Any CPU
		Debug|x64 = Debug|x64
		Debug|x86 = Debug|x86
		Release|Any CPU = Release|Any CPU
		Release|x64 = Release|x64
		Release|x86 = Release|x86
	EndGlobalSection
	GlobalSection(ProjectConfigurationPlatforms) = postSolution
		{FEA05600-3AC9-453A-A96C-45721A71A1DD}.Debug|Any CPU.ActiveCfg = Debug|Any CPU
		{FEA05600-3AC9-453A-A96C-45721A71A1DD}.Debug|Any CPU.Build.0 = Debug|Any CPU
		{FEA05600-3AC9-453A-A96C-45721A71A1DD}.Debug|x64.ActiveCfg = Debug|Any CPU
		{FEA05600-3AC9-453A-A96C-45721A71A1DD}.Debug|x64.Build.0 = Debug|Any CPU
		{FEA05600-3AC9-453A-A96C-45721A71A1DD}.Debug|x86.ActiveCfg = Debug|Any CPU
		{FEA05600-3AC9-453A-A96C-45721A71A1DD}.Debug|x86.Build.0 = Debug|Any CPU
		{FEA05600-3AC9-453A-A96C-45721A71A1DD}.Release|Any CPU.ActiveCfg = Release|Any CPU
		{FEA05600-3AC9-453A-A96C-45721A71A1DD}.Release|Any CPU.Build.0 = Release|Any CPU
		{FEA05600-3AC9-453A-A96C-45721A71A1DD}.Release|x64.ActiveCfg = Release|Any CPU
		{FEA05600-3AC9-453A-A96C-45721A71A1DD}.Release|x64.Build.0 = Release|Any CPU
		{FEA05600-3AC9-453A-A96C-45721A71A1DD}.Release|x86.ActiveCfg = Release|Any CPU
		{FEA05600-3AC9-453A-A96C-45721A71A1DD}.Release|x86.Build.0 = Release|Any CPU
		{EAAB2D2F-0ADE-4094-86F0-E1585B7384C7}.Debug|Any CPU.ActiveCfg = Debug|Any CPU
		{EAAB2D2F-0ADE-4094-86F0-E1585B7384C7}.Debug|Any CPU.Build.0 = Debug|Any CPU
		{EAAB2D2F-0ADE-4094-86F0-E1585B7384C7}.Debug|x64.ActiveCfg = Debug|Any CPU
		{EAAB2D2F-0ADE-4094-86F0-E1585B7384C7}.Debug|x64.Build.0 = Debug|Any CPU
		{EAAB2D2F-0ADE-4094-86F0-E1585B7384C7}.Debug|x86.ActiveCfg = Debug|Any CPU
		{EAAB2D2F-0ADE-4094-86F0-E1585B7384C7}.Debug|x86.Build.0 = Debug|Any CPU
		{EAAB2D2F-0ADE-4094-86F0-E1585B7384C7}.Release|Any CPU.ActiveCfg = Release|Any CPU
		{EAAB2D2F-0ADE-4094-86F0-E1585B7384C7}.Release|Any CPU.Build.0 = Release|Any CPU
		{EAAB2D2F-0ADE-4094-86F0-E1585B7384C7}.Release|x64.ActiveCfg = Release|Any CPU
		{EAAB2D2F-0ADE-4094-86F0-E1585B7384C7}.Release|x64.Build.0 = Release|Any CPU
		{EAAB2D2F-0ADE-4094-86F0-E1585B7384C7}.Release|x86.ActiveCfg = Release|Any CPU
		{EAAB2D2F-0ADE-4094-86F0-E1585B7384C7}.Release|x86.Build.0 = Release|Any CPU
		{733E55C7-CB5B-4178-99E7-77A753C16FC1}.Debug|Any CPU.ActiveCfg = Debug|Any CPU
		{733E55C7-CB5B-4178-99E7-77A753C16FC1}.Debug|Any CPU.Build.0 = Debug|Any CPU
		{733E55C7-CB5B-4178-99E7-77A753C16FC1}.Debug|x64.ActiveCfg = Debug|Any CPU
		{733E55C7-CB5B-4178-99E7-77A753C16FC1}.Debug|x64.Build.0 = Debug|Any CPU
		{733E55C7-CB5B-4178-99E7-77A753C16FC1}.Debug|x86.ActiveCfg = Debug|Any CPU
		{733E55C7-CB5B-4178-99E7-77A753C16FC1}.Debug|x86.Build.0 = Debug|Any CPU
		{733E55C7-CB5B-4178-99E7-77A753C16FC1}.Release|Any CPU.ActiveCfg = Release|Any CPU
		{733E55C7-CB5B-4178-99E7-77A753C16FC1}.Release|Any CPU.Build.0 = Release|Any CPU
		{733E55C7-CB5B-4178-99E7-77A753C16FC1}.Release|x64.ActiveCfg = Release|Any CPU
		{733E55C7-CB5B-4178-99E7-77A753C16FC1}.Release|x64.Build.0 = Release|Any CPU
		{733E55C7-CB5B-4178-99E7-77A753C16FC1}.Release|x86.ActiveCfg = Release|Any CPU
		{733E55C7-CB5B-4178-99E7-77A753C16FC1}.Release|x86.Build.0 = Release|Any CPU
		{A627D6BB-0E1C-4E26-B1EF-BF4B67985837}.Debug|Any CPU.ActiveCfg = Debug|Any CPU
		{A627D6BB-0E1C-4E26-B1EF-BF4B67985837}.Debug|Any CPU.Build.0 = Debug|Any CPU
		{A627D6BB-0E1C-4E26-B1EF-BF4B67985837}.Debug|x64.ActiveCfg = Debug|Any CPU
		{A627D6BB-0E1C-4E26-B1EF-BF4B67985837}.Debug|x64.Build.0 = Debug|Any CPU
		{A627D6BB-0E1C-4E26-B1EF-BF4B67985837}.Debug|x86.ActiveCfg = Debug|Any CPU
		{A627D6BB-0E1C-4E26-B1EF-BF4B67985837}.Debug|x86.Build.0 = Debug|Any CPU
		{A627D6BB-0E1C-4E26-B1EF-BF4B67985837}.Release|Any CPU.ActiveCfg = Release|Any CPU
		{A627D6BB-0E1C-4E26-B1EF-BF4B67985837}.Release|Any CPU.Build.0 = Release|Any CPU
		{A627D6BB-0E1C-4E26-B1EF-BF4B67985837}.Release|x64.ActiveCfg = Release|Any CPU
		{A627D6BB-0E1C-4E26-B1EF-BF4B67985837}.Release|x64.Build.0 = Release|Any CPU
		{A627D6BB-0E1C-4E26-B1EF-BF4B67985837}.Release|x86.ActiveCfg = Release|Any CPU
		{A627D6BB-0E1C-4E26-B1EF-BF4B67985837}.Release|x86.Build.0 = Release|Any CPU
		{C883C61D-CAF1-4487-9D49-005307E1269E}.Debug|Any CPU.ActiveCfg = Debug|Any CPU
		{C883C61D-CAF1-4487-9D49-005307E1269E}.Debug|Any CPU.Build.0 = Debug|Any CPU
		{C883C61D-CAF1-4487-9D49-005307E1269E}.Debug|x64.ActiveCfg = Debug|Any CPU
		{C883C61D-CAF1-4487-9D49-005307E1269E}.Debug|x64.Build.0 = Debug|Any CPU
		{C883C61D-CAF1-4487-9D49-005307E1269E}.Debug|x86.ActiveCfg = Debug|Any CPU
		{C883C61D-CAF1-4487-9D49-005307E1269E}.Debug|x86.Build.0 = Debug|Any CPU
		{C883C61D-CAF1-4487-9D49-005307E1269E}.Release|Any CPU.ActiveCfg = Release|Any CPU
		{C883C61D-CAF1-4487-9D49-005307E1269E}.Release|Any CPU.Build.0 = Release|Any CPU
		{C883C61D-CAF1-4487-9D49-005307E1269E}.Release|x64.ActiveCfg = Release|Any CPU
		{C883C61D-CAF1-4487-9D49-005307E1269E}.Release|x64.Build.0 = Release|Any CPU
		{C883C61D-CAF1-4487-9D49-005307E1269E}.Release|x86.ActiveCfg = Release|Any CPU
		{C883C61D-CAF1-4487-9D49-005307E1269E}.Release|x86.Build.0 = Release|Any CPU
		{1C0E6E44-2F9C-422F-8794-37318F5C9F03}.Debug|Any CPU.ActiveCfg = Debug|Any CPU
		{1C0E6E44-2F9C-422F-8794-37318F5C9F03}.Debug|Any CPU.Build.0 = Debug|Any CPU
		{1C0E6E44-2F9C-422F-8794-37318F5C9F03}.Debug|x64.ActiveCfg = Debug|Any CPU
		{1C0E6E44-2F9C-422F-8794-37318F5C9F03}.Debug|x64.Build.0 = Debug|Any CPU
		{1C0E6E44-2F9C-422F-8794-37318F5C9F03}.Debug|x86.ActiveCfg = Debug|Any CPU
		{1C0E6E44-2F9C-422F-8794-37318F5C9F03}.Debug|x86.Build.0 = Debug|Any CPU
		{1C0E6E44-2F9C-422F-8794-37318F5C9F03}.Release|Any CPU.ActiveCfg = Release|Any CPU
		{1C0E6E44-2F9C-422F-8794-37318F5C9F03}.Release|Any CPU.Build.0 = Release|Any CPU
		{1C0E6E44-2F9C-422F-8794-37318F5C9F03}.Release|x64.ActiveCfg = Release|Any CPU
		{1C0E6E44-2F9C-422F-8794-37318F5C9F03}.Release|x64.Build.0 = Release|Any CPU
		{1C0E6E44-2F9C-422F-8794-37318F5C9F03}.Release|x86.ActiveCfg = Release|Any CPU
		{1C0E6E44-2F9C-422F-8794-37318F5C9F03}.Release|x86.Build.0 = Release|Any CPU
	EndGlobalSection
	GlobalSection(SolutionProperties) = preSolution
		HideSolutionNode = FALSE
	EndGlobalSection
	GlobalSection(NestedProjects) = preSolution
		{FEA05600-3AC9-453A-A96C-45721A71A1DD} = {07C2787E-EAC7-C090-1BA3-A61EC2A24D84}
		{EAAB2D2F-0ADE-4094-86F0-E1585B7384C7} = {827E0CD3-B72D-47B6-A68D-7590B98EB39B}
		{733E55C7-CB5B-4178-99E7-77A753C16FC1} = {827E0CD3-B72D-47B6-A68D-7590B98EB39B}
		{A627D6BB-0E1C-4E26-B1EF-BF4B67985837} = {07C2787E-EAC7-C090-1BA3-A61EC2A24D84}
		{C883C61D-CAF1-4487-9D49-005307E1269E} = {07C2787E-EAC7-C090-1BA3-A61EC2A24D84}
		{1C0E6E44-2F9C-422F-8794-37318F5C9F03} = {827E0CD3-B72D-47B6-A68D-7590B98EB39B}
	EndGlobalSection
EndGlobal
